
Microsoft Visual Studio Solution File, Format Version 12.00
# Visual Studio Version 17
VisualStudioVersion = 17.9.34902.65
MinimumVisualStudioVersion = 10.0.40219.1
Project("{FAE04EC0-301F-11D3-BF4B-00C04F79EFBC}") = "ConsoleApp13", "ConsoleApp13\ConsoleApp13.csproj", "{4F331408-1633-4C3C-9641-7242A5244F4A}"
EndProject
Global
	GlobalSection(SolutionConfigurationPlatforms) = preSolution
		Debug|Any CPU = Debug|Any CPU
		Release|Any CPU = Release|Any CPU
	EndGlobalSection
	GlobalSection(ProjectConfigurationPlatforms) = postSolution
		{4F331408-1633-4C3C-9641-7242A5244F4A}.Debug|Any CPU.ActiveCfg = Debug|Any CPU
		{4F331408-1633-4C3C-9641-7242A5244F4A}.Debug|Any CPU.Build.0 = Debug|Any CPU
		{4F331408-1633-4C3C-9641-7242A5244F4A}.Release|Any CPU.ActiveCfg = Release|Any CPU
		{4F331408-1633-4C3C-9641-7242A5244F4A}.Release|Any CPU.Build.0 = Release|Any CPU
	EndGlobalSection
	GlobalSection(SolutionProperties) = preSolution
		HideSolutionNode = FALSE
	EndGlobalSection
	GlobalSection(ExtensibilityGlobals) = postSolution
		SolutionGuid = {91011819-0614-4BAB-A6C1-C2121FD4A623}
	EndGlobalSection
EndGlobal
